
Microsoft Visual Studio Solution File, Format Version 12.00
# Visual Studio Version 16
VisualStudioVersion = 16.0.29519.181
MinimumVisualStudioVersion = 10.0.40219.1
Project("{9A19103F-16F7-4668-BE54-9A1E7A4F7556}") = "JuniorForever.Api", "JuniorForever\JuniorForever.Api.csproj", "{0B09F8F1-E0FC-4047-B095-DD3922A89C47}"
EndProject
Project("{9A19103F-16F7-4668-BE54-9A1E7A4F7556}") = "JuniorForever.Repository", "JuniorForever.Repository\JuniorForever.Repository.csproj", "{DD9678E3-98F5-428F-AFF6-837B2D4395C3}"
EndProject
Project("{9A19103F-16F7-4668-BE54-9A1E7A4F7556}") = "JuniorForever.Domain", "JuniorForever.Domain\JuniorForever.Domain.csproj", "{29799F52-F93A-44A8-A84A-00E0FA49F255}"
EndProject
Project("{9A19103F-16F7-4668-BE54-9A1E7A4F7556}") = "JuniorForever.Test", "JuniorForever.Test\JuniorForever.Test.csproj", "{03E14D6D-ABB6-4AAB-BEA3-DDE98B101650}"
EndProject
Global
	GlobalSection(SolutionConfigurationPlatforms) = preSolution
		Debug|Any CPU = Debug|Any CPU
		Release|Any CPU = Release|Any CPU
	EndGlobalSection
	GlobalSection(ProjectConfigurationPlatforms) = postSolution
		{0B09F8F1-E0FC-4047-B095-DD3922A89C47}.Debug|Any CPU.ActiveCfg = Debug|Any CPU
		{0B09F8F1-E0FC-4047-B095-DD3922A89C47}.Debug|Any CPU.Build.0 = Debug|Any CPU
		{0B09F8F1-E0FC-4047-B095-DD3922A89C47}.Release|Any CPU.ActiveCfg = Release|Any CPU
		{0B09F8F1-E0FC-4047-B095-DD3922A89C47}.Release|Any CPU.Build.0 = Release|Any CPU
		{DD9678E3-98F5-428F-AFF6-837B2D4395C3}.Debug|Any CPU.ActiveCfg = Debug|Any CPU
		{DD9678E3-98F5-428F-AFF6-837B2D4395C3}.Debug|Any CPU.Build.0 = Debug|Any CPU
		{DD9678E3-98F5-428F-AFF6-837B2D4395C3}.Release|Any CPU.ActiveCfg = Release|Any CPU
		{DD9678E3-98F5-428F-AFF6-837B2D4395C3}.Release|Any CPU.Build.0 = Release|Any CPU
		{29799F52-F93A-44A8-A84A-00E0FA49F255}.Debug|Any CPU.ActiveCfg = Debug|Any CPU
		{29799F52-F93A-44A8-A84A-00E0FA49F255}.Debug|Any CPU.Build.0 = Debug|Any CPU
		{29799F52-F93A-44A8-A84A-00E0FA49F255}.Release|Any CPU.ActiveCfg = Release|Any CPU
		{29799F52-F93A-44A8-A84A-00E0FA49F255}.Release|Any CPU.Build.0 = Release|Any CPU
		{03E14D6D-ABB6-4AAB-BEA3-DDE98B101650}.Debug|Any CPU.ActiveCfg = Debug|Any CPU
		{03E14D6D-ABB6-4AAB-BEA3-DDE98B101650}.Debug|Any CPU.Build.0 = Debug|Any CPU
		{03E14D6D-ABB6-4AAB-BEA3-DDE98B101650}.Release|Any CPU.ActiveCfg = Release|Any CPU
		{03E14D6D-ABB6-4AAB-BEA3-DDE98B101650}.Release|Any CPU.Build.0 = Release|Any CPU
	EndGlobalSection
	GlobalSection(SolutionProperties) = preSolution
		HideSolutionNode = FALSE
	EndGlobalSection
	GlobalSection(ExtensibilityGlobals) = postSolution
		SolutionGuid = {3AF21119-A299-457F-A469-D9E6F593D387}
	EndGlobalSection
EndGlobal
